
Microsoft Visual Studio Solution File, Format Version 12.00
# Visual Studio Version 17
VisualStudioVersion = 17.9.34622.214
MinimumVisualStudioVersion = 10.0.40219.1
Project("{2150E333-8FDC-42A3-9474-1A3956D46DE8}") = "src", "src", "{728D1F58-93E7-48BE-B0E3-A207D4FCF469}"
EndProject
Project("{2150E333-8FDC-42A3-9474-1A3956D46DE8}") = "test", "test", "{0B8CB2D2-6A1E-47EA-ABAE-6D9FE4379616}"
EndProject
Project("{FAE04EC0-301F-11D3-BF4B-00C04F79EFBC}") = "Web", "Web\Web.csproj", "{D4B0DD7D-12EF-411E-BF4D-19D81A122D2D}"
	ProjectSection(ProjectDependencies) = postProject
		{139A0906-5007-46BD-B425-94B88AC9785B} = {139A0906-5007-46BD-B425-94B88AC9785B}
	EndProjectSection
EndProject
Project("{FAE04EC0-301F-11D3-BF4B-00C04F79EFBC}") = "Domain", "Domaina\Domain.csproj", "{6AA6D8A6-C0C3-4C2C-8C62-0A15E9683A59}"
EndProject
Project("{FAE04EC0-301F-11D3-BF4B-00C04F79EFBC}") = "Application", "Applications\Application.csproj", "{F7FBB9D2-AB46-4383-88D3-6629A59271B5}"
EndProject
Project("{FAE04EC0-301F-11D3-BF4B-00C04F79EFBC}") = "Presentation", "Presentationa\Presentation.csproj", "{CA7727A7-429D-423C-A478-7349F8693581}"
EndProject
Project("{FAE04EC0-301F-11D3-BF4B-00C04F79EFBC}") = "Infrastructure", "Infrastructurea\Infrastructure.csproj", "{139A0906-5007-46BD-B425-94B88AC9785B}"
EndProject
Global
	GlobalSection(SolutionConfigurationPlatforms) = preSolution
		Debug|Any CPU = Debug|Any CPU
		Release|Any CPU = Release|Any CPU
	EndGlobalSection
	GlobalSection(ProjectConfigurationPlatforms) = postSolution
		{D4B0DD7D-12EF-411E-BF4D-19D81A122D2D}.Debug|Any CPU.ActiveCfg = Debug|Any CPU
		{D4B0DD7D-12EF-411E-BF4D-19D81A122D2D}.Debug|Any CPU.Build.0 = Debug|Any CPU
		{D4B0DD7D-12EF-411E-BF4D-19D81A122D2D}.Release|Any CPU.ActiveCfg = Release|Any CPU
		{D4B0DD7D-12EF-411E-BF4D-19D81A122D2D}.Release|Any CPU.Build.0 = Release|Any CPU
		{6AA6D8A6-C0C3-4C2C-8C62-0A15E9683A59}.Debug|Any CPU.ActiveCfg = Debug|Any CPU
		{6AA6D8A6-C0C3-4C2C-8C62-0A15E9683A59}.Debug|Any CPU.Build.0 = Debug|Any CPU
		{6AA6D8A6-C0C3-4C2C-8C62-0A15E9683A59}.Release|Any CPU.ActiveCfg = Release|Any CPU
		{6AA6D8A6-C0C3-4C2C-8C62-0A15E9683A59}.Release|Any CPU.Build.0 = Release|Any CPU
		{F7FBB9D2-AB46-4383-88D3-6629A59271B5}.Debug|Any CPU.ActiveCfg = Debug|Any CPU
		{F7FBB9D2-AB46-4383-88D3-6629A59271B5}.Debug|Any CPU.Build.0 = Debug|Any CPU
		{F7FBB9D2-AB46-4383-88D3-6629A59271B5}.Release|Any CPU.ActiveCfg = Release|Any CPU
		{F7FBB9D2-AB46-4383-88D3-6629A59271B5}.Release|Any CPU.Build.0 = Release|Any CPU
		{CA7727A7-429D-423C-A478-7349F8693581}.Debug|Any CPU.ActiveCfg = Debug|Any CPU
		{CA7727A7-429D-423C-A478-7349F8693581}.Debug|Any CPU.Build.0 = Debug|Any CPU
		{CA7727A7-429D-423C-A478-7349F8693581}.Release|Any CPU.ActiveCfg = Release|Any CPU
		{CA7727A7-429D-423C-A478-7349F8693581}.Release|Any CPU.Build.0 = Release|Any CPU
		{139A0906-5007-46BD-B425-94B88AC9785B}.Debug|Any CPU.ActiveCfg = Debug|Any CPU
		{139A0906-5007-46BD-B425-94B88AC9785B}.Debug|Any CPU.Build.0 = Debug|Any CPU
		{139A0906-5007-46BD-B425-94B88AC9785B}.Release|Any CPU.ActiveCfg = Release|Any CPU
		{139A0906-5007-46BD-B425-94B88AC9785B}.Release|Any CPU.Build.0 = Release|Any CPU
	EndGlobalSection
	GlobalSection(SolutionProperties) = preSolution
		HideSolutionNode = FALSE
	EndGlobalSection
	GlobalSection(NestedProjects) = preSolution
		{D4B0DD7D-12EF-411E-BF4D-19D81A122D2D} = {728D1F58-93E7-48BE-B0E3-A207D4FCF469}
		{6AA6D8A6-C0C3-4C2C-8C62-0A15E9683A59} = {728D1F58-93E7-48BE-B0E3-A207D4FCF469}
		{F7FBB9D2-AB46-4383-88D3-6629A59271B5} = {728D1F58-93E7-48BE-B0E3-A207D4FCF469}
		{CA7727A7-429D-423C-A478-7349F8693581} = {728D1F58-93E7-48BE-B0E3-A207D4FCF469}
		{139A0906-5007-46BD-B425-94B88AC9785B} = {728D1F58-93E7-48BE-B0E3-A207D4FCF469}
	EndGlobalSection
	GlobalSection(ExtensibilityGlobals) = postSolution
		SolutionGuid = {B646B5F8-B2F0-45A7-ADE8-A69B3616474B}
	EndGlobalSection
EndGlobal
